// !$*UTF8*$!
{
	archiveVersion = 1;
	classes = {
	};
	objectVersion = 56;
	objects = {

/* Begin PBXBuildFile section */
		0349414C295B93CB00824901 /* GoogleSignIn in Frameworks */ = {isa = PBXBuildFile; productRef = 0349414B295B93CB00824901 /* GoogleSignIn */; };
		0349414E295B93CB00824901 /* GoogleSignInSwift in Frameworks */ = {isa = PBXBuildFile; productRef = 0349414D295B93CB00824901 /* GoogleSignInSwift */; };
		03F136D2295C9B3F00A301EA /* FirebaseManager.swift in Sources */ = {isa = PBXBuildFile; fileRef = 03F136D1295C9B3F00A301EA /* FirebaseManager.swift */; };
		0B0321202961B25C008A0AAC /* chatRoom.swift in Sources */ = {isa = PBXBuildFile; fileRef = 0B03211F2961B25C008A0AAC /* chatRoom.swift */; };
		0B0321222961BC75008A0AAC /* ChatTableViewCell.swift in Sources */ = {isa = PBXBuildFile; fileRef = 0B0321212961BC75008A0AAC /* ChatTableViewCell.swift */; };
		0B0321242961D06E008A0AAC /* GlobalFunctions.swift in Sources */ = {isa = PBXBuildFile; fileRef = 0B0321232961D06E008A0AAC /* GlobalFunctions.swift */; };
		0B0321272961D501008A0AAC /* Extensions.swift in Sources */ = {isa = PBXBuildFile; fileRef = 0B0321262961D501008A0AAC /* Extensions.swift */; };
		0B0321292961DA87008A0AAC /* ChatRoomTableViewController.swift in Sources */ = {isa = PBXBuildFile; fileRef = 0B0321282961DA87008A0AAC /* ChatRoomTableViewController.swift */; };
		0BEA091B295AEA0400447860 /* ProfileTableViewController.swift in Sources */ = {isa = PBXBuildFile; fileRef = 0BEA091A295AEA0400447860 /* ProfileTableViewController.swift */; };
		4F1AC3C22959E232004ED825 /* Email - Password.swift in Sources */ = {isa = PBXBuildFile; fileRef = 4F1AC3C12959E232004ED825 /* Email - Password.swift */; };
		8788051B2962462B0033207B /* Constants.swift in Sources */ = {isa = PBXBuildFile; fileRef = 8788051A2962462B0033207B /* Constants.swift */; };
		87F39CE82961A01800956E72 /* User.swift in Sources */ = {isa = PBXBuildFile; fileRef = 87F39CE72961A01800956E72 /* User.swift */; };
		87F39CEE2962017700956E72 /* FCollectionReference.swift in Sources */ = {isa = PBXBuildFile; fileRef = 87F39CED2962017700956E72 /* FCollectionReference.swift */; };
		87F39CF02962019C00956E72 /* FUserListener.swift in Sources */ = {isa = PBXBuildFile; fileRef = 87F39CEF2962019C00956E72 /* FUserListener.swift */; };
		87FB28CA295D705400EC368E /* ConversationsModels.swift in Sources */ = {isa = PBXBuildFile; fileRef = 87FB28C9295D705400EC368E /* ConversationsModels.swift */; };
		B11EE795295B01ED00522CD9 /* GoogleService-Info.plist in Resources */ = {isa = PBXBuildFile; fileRef = B11EE794295B01ED00522CD9 /* GoogleService-Info.plist */; };
		B11EE798295B045500522CD9 /* FirebaseAnalytics in Frameworks */ = {isa = PBXBuildFile; productRef = B11EE797295B045500522CD9 /* FirebaseAnalytics */; };
		B11EE79A295B045500522CD9 /* FirebaseAnalyticsOnDeviceConversion in Frameworks */ = {isa = PBXBuildFile; productRef = B11EE799295B045500522CD9 /* FirebaseAnalyticsOnDeviceConversion */; };
		B11EE79C295B045500522CD9 /* FirebaseAnalyticsSwift in Frameworks */ = {isa = PBXBuildFile; productRef = B11EE79B295B045500522CD9 /* FirebaseAnalyticsSwift */; };
		B11EE79E295B045500522CD9 /* FirebaseAnalyticsWithoutAdIdSupport in Frameworks */ = {isa = PBXBuildFile; productRef = B11EE79D295B045500522CD9 /* FirebaseAnalyticsWithoutAdIdSupport */; };
		B11EE7A0295B045500522CD9 /* FirebaseAppCheck in Frameworks */ = {isa = PBXBuildFile; productRef = B11EE79F295B045500522CD9 /* FirebaseAppCheck */; };
		B11EE7A2295B045500522CD9 /* FirebaseAppDistribution-Beta in Frameworks */ = {isa = PBXBuildFile; productRef = B11EE7A1295B045500522CD9 /* FirebaseAppDistribution-Beta */; };
		B11EE7A4295B045500522CD9 /* FirebaseAuth in Frameworks */ = {isa = PBXBuildFile; productRef = B11EE7A3295B045500522CD9 /* FirebaseAuth */; };
		B11EE7A6295B045500522CD9 /* FirebaseAuthCombine-Community in Frameworks */ = {isa = PBXBuildFile; productRef = B11EE7A5295B045500522CD9 /* FirebaseAuthCombine-Community */; };
		B11EE7A8295B045500522CD9 /* FirebaseCrashlytics in Frameworks */ = {isa = PBXBuildFile; productRef = B11EE7A7295B045500522CD9 /* FirebaseCrashlytics */; };
		B11EE7AA295B045500522CD9 /* FirebaseDatabase in Frameworks */ = {isa = PBXBuildFile; productRef = B11EE7A9295B045500522CD9 /* FirebaseDatabase */; };
		B11EE7AC295B045500522CD9 /* FirebaseDatabaseSwift in Frameworks */ = {isa = PBXBuildFile; productRef = B11EE7AB295B045500522CD9 /* FirebaseDatabaseSwift */; };
		B11EE7AE295B045500522CD9 /* FirebaseDynamicLinks in Frameworks */ = {isa = PBXBuildFile; productRef = B11EE7AD295B045500522CD9 /* FirebaseDynamicLinks */; };
		B11EE7B0295B045500522CD9 /* FirebaseFirestore in Frameworks */ = {isa = PBXBuildFile; productRef = B11EE7AF295B045500522CD9 /* FirebaseFirestore */; };
		B11EE7B2295B045500522CD9 /* FirebaseFirestoreCombine-Community in Frameworks */ = {isa = PBXBuildFile; productRef = B11EE7B1295B045500522CD9 /* FirebaseFirestoreCombine-Community */; };
		B11EE7B4295B045500522CD9 /* FirebaseFirestoreSwift in Frameworks */ = {isa = PBXBuildFile; productRef = B11EE7B3295B045500522CD9 /* FirebaseFirestoreSwift */; };
		B11EE7B6295B045500522CD9 /* FirebaseFunctions in Frameworks */ = {isa = PBXBuildFile; productRef = B11EE7B5295B045500522CD9 /* FirebaseFunctions */; };
		B11EE7B8295B045500522CD9 /* FirebaseFunctionsCombine-Community in Frameworks */ = {isa = PBXBuildFile; productRef = B11EE7B7295B045500522CD9 /* FirebaseFunctionsCombine-Community */; };
		B11EE7BA295B045500522CD9 /* FirebaseInAppMessaging-Beta in Frameworks */ = {isa = PBXBuildFile; productRef = B11EE7B9295B045500522CD9 /* FirebaseInAppMessaging-Beta */; };
		B11EE7BC295B045500522CD9 /* FirebaseInAppMessagingSwift-Beta in Frameworks */ = {isa = PBXBuildFile; productRef = B11EE7BB295B045500522CD9 /* FirebaseInAppMessagingSwift-Beta */; };
		B11EE7BE295B045500522CD9 /* FirebaseInstallations in Frameworks */ = {isa = PBXBuildFile; productRef = B11EE7BD295B045500522CD9 /* FirebaseInstallations */; };
		B11EE7C0295B045500522CD9 /* FirebaseMLModelDownloader in Frameworks */ = {isa = PBXBuildFile; productRef = B11EE7BF295B045500522CD9 /* FirebaseMLModelDownloader */; };
		B11EE7C2295B045500522CD9 /* FirebaseMessaging in Frameworks */ = {isa = PBXBuildFile; productRef = B11EE7C1295B045500522CD9 /* FirebaseMessaging */; };
		B11EE7C4295B045500522CD9 /* FirebasePerformance in Frameworks */ = {isa = PBXBuildFile; productRef = B11EE7C3295B045500522CD9 /* FirebasePerformance */; };
		B11EE7C6295B045500522CD9 /* FirebaseRemoteConfig in Frameworks */ = {isa = PBXBuildFile; productRef = B11EE7C5295B045500522CD9 /* FirebaseRemoteConfig */; };
		B11EE7C8295B045500522CD9 /* FirebaseRemoteConfigSwift in Frameworks */ = {isa = PBXBuildFile; productRef = B11EE7C7295B045500522CD9 /* FirebaseRemoteConfigSwift */; };
		B11EE7CA295B045500522CD9 /* FirebaseStorage in Frameworks */ = {isa = PBXBuildFile; productRef = B11EE7C9295B045500522CD9 /* FirebaseStorage */; };
		B11EE7CC295B045500522CD9 /* FirebaseStorageCombine-Community in Frameworks */ = {isa = PBXBuildFile; productRef = B11EE7CB295B045500522CD9 /* FirebaseStorageCombine-Community */; };
		B11EE7CE295B0D1A00522CD9 /* UserStateViewController.swift in Sources */ = {isa = PBXBuildFile; fileRef = B11EE7CD295B0D1A00522CD9 /* UserStateViewController.swift */; };
		B18C378D2959D84300132E73 /* ConversationsViewController.swift in Sources */ = {isa = PBXBuildFile; fileRef = B18C378C2959D84300132E73 /* ConversationsViewController.swift */; };
		B18C378F2959D8BF00132E73 /* LoginViewController.swift in Sources */ = {isa = PBXBuildFile; fileRef = B18C378E2959D8BF00132E73 /* LoginViewController.swift */; };
		B18C37912959D94100132E73 /* RegisterViewController.swift in Sources */ = {isa = PBXBuildFile; fileRef = B18C37902959D94100132E73 /* RegisterViewController.swift */; };
		B1BE37212959A89F00D36E64 /* AppDelegate.swift in Sources */ = {isa = PBXBuildFile; fileRef = B1BE37202959A89F00D36E64 /* AppDelegate.swift */; };
		B1BE37232959A89F00D36E64 /* SceneDelegate.swift in Sources */ = {isa = PBXBuildFile; fileRef = B1BE37222959A89F00D36E64 /* SceneDelegate.swift */; };
		B1BE37252959A89F00D36E64 /* ViewController.swift in Sources */ = {isa = PBXBuildFile; fileRef = B1BE37242959A89F00D36E64 /* ViewController.swift */; };
		B1BE37282959A89F00D36E64 /* Main.storyboard in Resources */ = {isa = PBXBuildFile; fileRef = B1BE37262959A89F00D36E64 /* Main.storyboard */; };
		B1BE372A2959A8A100D36E64 /* Assets.xcassets in Resources */ = {isa = PBXBuildFile; fileRef = B1BE37292959A8A100D36E64 /* Assets.xcassets */; };
		B1BE372D2959A8A100D36E64 /* LaunchScreen.storyboard in Resources */ = {isa = PBXBuildFile; fileRef = B1BE372B2959A8A100D36E64 /* LaunchScreen.storyboard */; };
/* End PBXBuildFile section */

/* Begin PBXFileReference section */
		03F136D1295C9B3F00A301EA /* FirebaseManager.swift */ = {isa = PBXFileReference; lastKnownFileType = sourcecode.swift; path = FirebaseManager.swift; sourceTree = "<group>"; };
		0B03211F2961B25C008A0AAC /* chatRoom.swift */ = {isa = PBXFileReference; lastKnownFileType = sourcecode.swift; path = chatRoom.swift; sourceTree = "<group>"; };
		0B0321212961BC75008A0AAC /* ChatTableViewCell.swift */ = {isa = PBXFileReference; lastKnownFileType = sourcecode.swift; path = ChatTableViewCell.swift; sourceTree = "<group>"; };
		0B0321232961D06E008A0AAC /* GlobalFunctions.swift */ = {isa = PBXFileReference; lastKnownFileType = sourcecode.swift; path = GlobalFunctions.swift; sourceTree = "<group>"; };
		0B0321262961D501008A0AAC /* Extensions.swift */ = {isa = PBXFileReference; lastKnownFileType = sourcecode.swift; path = Extensions.swift; sourceTree = "<group>"; };
		0B0321282961DA87008A0AAC /* ChatRoomTableViewController.swift */ = {isa = PBXFileReference; lastKnownFileType = sourcecode.swift; path = ChatRoomTableViewController.swift; sourceTree = "<group>"; };
		0BEA091A295AEA0400447860 /* ProfileTableViewController.swift */ = {isa = PBXFileReference; lastKnownFileType = sourcecode.swift; path = ProfileTableViewController.swift; sourceTree = "<group>"; };
		4F1AC3C12959E232004ED825 /* Email - Password.swift */ = {isa = PBXFileReference; lastKnownFileType = sourcecode.swift; path = "Email - Password.swift"; sourceTree = "<group>"; };
		8788051A2962462B0033207B /* Constants.swift */ = {isa = PBXFileReference; lastKnownFileType = sourcecode.swift; path = Constants.swift; sourceTree = "<group>"; };
		87F39CE72961A01800956E72 /* User.swift */ = {isa = PBXFileReference; lastKnownFileType = sourcecode.swift; path = User.swift; sourceTree = "<group>"; };
		87F39CED2962017700956E72 /* FCollectionReference.swift */ = {isa = PBXFileReference; lastKnownFileType = sourcecode.swift; path = FCollectionReference.swift; sourceTree = "<group>"; };
		87F39CEF2962019C00956E72 /* FUserListener.swift */ = {isa = PBXFileReference; lastKnownFileType = sourcecode.swift; path = FUserListener.swift; sourceTree = "<group>"; };
		87FB28C9295D705400EC368E /* ConversationsModels.swift */ = {isa = PBXFileReference; lastKnownFileType = sourcecode.swift; path = ConversationsModels.swift; sourceTree = "<group>"; };
		B11EE794295B01ED00522CD9 /* GoogleService-Info.plist */ = {isa = PBXFileReference; fileEncoding = 4; lastKnownFileType = text.plist.xml; path = "GoogleService-Info.plist"; sourceTree = "<group>"; };
		B11EE7CD295B0D1A00522CD9 /* UserStateViewController.swift */ = {isa = PBXFileReference; lastKnownFileType = sourcecode.swift; path = UserStateViewController.swift; sourceTree = "<group>"; };
		B18C378C2959D84300132E73 /* ConversationsViewController.swift */ = {isa = PBXFileReference; lastKnownFileType = sourcecode.swift; path = ConversationsViewController.swift; sourceTree = "<group>"; };
		B18C378E2959D8BF00132E73 /* LoginViewController.swift */ = {isa = PBXFileReference; lastKnownFileType = sourcecode.swift; path = LoginViewController.swift; sourceTree = "<group>"; };
		B18C37902959D94100132E73 /* RegisterViewController.swift */ = {isa = PBXFileReference; lastKnownFileType = sourcecode.swift; path = RegisterViewController.swift; sourceTree = "<group>"; };
		B1BE371D2959A89F00D36E64 /* Messanger App.app */ = {isa = PBXFileReference; explicitFileType = wrapper.application; includeInIndex = 0; path = "Messanger App.app"; sourceTree = BUILT_PRODUCTS_DIR; };
		B1BE37202959A89F00D36E64 /* AppDelegate.swift */ = {isa = PBXFileReference; lastKnownFileType = sourcecode.swift; path = AppDelegate.swift; sourceTree = "<group>"; };
		B1BE37222959A89F00D36E64 /* SceneDelegate.swift */ = {isa = PBXFileReference; lastKnownFileType = sourcecode.swift; path = SceneDelegate.swift; sourceTree = "<group>"; };
		B1BE37242959A89F00D36E64 /* ViewController.swift */ = {isa = PBXFileReference; lastKnownFileType = sourcecode.swift; path = ViewController.swift; sourceTree = "<group>"; };
		B1BE37272959A89F00D36E64 /* Base */ = {isa = PBXFileReference; lastKnownFileType = file.storyboard; name = Base; path = Base.lproj/Main.storyboard; sourceTree = "<group>"; };
		B1BE37292959A8A100D36E64 /* Assets.xcassets */ = {isa = PBXFileReference; lastKnownFileType = folder.assetcatalog; path = Assets.xcassets; sourceTree = "<group>"; };
		B1BE372C2959A8A100D36E64 /* Base */ = {isa = PBXFileReference; lastKnownFileType = file.storyboard; name = Base; path = Base.lproj/LaunchScreen.storyboard; sourceTree = "<group>"; };
		B1BE372E2959A8A100D36E64 /* Info.plist */ = {isa = PBXFileReference; lastKnownFileType = text.plist.xml; path = Info.plist; sourceTree = "<group>"; };
/* End PBXFileReference section */

/* Begin PBXFrameworksBuildPhase section */
		B1BE371A2959A89F00D36E64 /* Frameworks */ = {
			isa = PBXFrameworksBuildPhase;
			buildActionMask = 2147483647;
			files = (
				B11EE7AA295B045500522CD9 /* FirebaseDatabase in Frameworks */,
				B11EE7B8295B045500522CD9 /* FirebaseFunctionsCombine-Community in Frameworks */,
				B11EE7B0295B045500522CD9 /* FirebaseFirestore in Frameworks */,
				B11EE79C295B045500522CD9 /* FirebaseAnalyticsSwift in Frameworks */,
				B11EE798295B045500522CD9 /* FirebaseAnalytics in Frameworks */,
				B11EE79A295B045500522CD9 /* FirebaseAnalyticsOnDeviceConversion in Frameworks */,
				B11EE7C0295B045500522CD9 /* FirebaseMLModelDownloader in Frameworks */,
				0349414E295B93CB00824901 /* GoogleSignInSwift in Frameworks */,
				B11EE7B4295B045500522CD9 /* FirebaseFirestoreSwift in Frameworks */,
				B11EE7A0295B045500522CD9 /* FirebaseAppCheck in Frameworks */,
				B11EE79E295B045500522CD9 /* FirebaseAnalyticsWithoutAdIdSupport in Frameworks */,
				B11EE7A4295B045500522CD9 /* FirebaseAuth in Frameworks */,
				B11EE7A8295B045500522CD9 /* FirebaseCrashlytics in Frameworks */,
				B11EE7C8295B045500522CD9 /* FirebaseRemoteConfigSwift in Frameworks */,
				0349414C295B93CB00824901 /* GoogleSignIn in Frameworks */,
				B11EE7BA295B045500522CD9 /* FirebaseInAppMessaging-Beta in Frameworks */,
				B11EE7AC295B045500522CD9 /* FirebaseDatabaseSwift in Frameworks */,
				B11EE7B6295B045500522CD9 /* FirebaseFunctions in Frameworks */,
				B11EE7CC295B045500522CD9 /* FirebaseStorageCombine-Community in Frameworks */,
				B11EE7C6295B045500522CD9 /* FirebaseRemoteConfig in Frameworks */,
				B11EE7A2295B045500522CD9 /* FirebaseAppDistribution-Beta in Frameworks */,
				B11EE7A6295B045500522CD9 /* FirebaseAuthCombine-Community in Frameworks */,
				B11EE7C4295B045500522CD9 /* FirebasePerformance in Frameworks */,
				B11EE7BC295B045500522CD9 /* FirebaseInAppMessagingSwift-Beta in Frameworks */,
				B11EE7CA295B045500522CD9 /* FirebaseStorage in Frameworks */,
				B11EE7AE295B045500522CD9 /* FirebaseDynamicLinks in Frameworks */,
				B11EE7B2295B045500522CD9 /* FirebaseFirestoreCombine-Community in Frameworks */,
				B11EE7C2295B045500522CD9 /* FirebaseMessaging in Frameworks */,
				B11EE7BE295B045500522CD9 /* FirebaseInstallations in Frameworks */,
			);
			runOnlyForDeploymentPostprocessing = 0;
		};
/* End PBXFrameworksBuildPhase section */

/* Begin PBXGroup section */
		0B03211E2961AC54008A0AAC /* Firebase */ = {
			isa = PBXGroup;
			children = (
				87F39CEF2962019C00956E72 /* FUserListener.swift */,
				87F39CED2962017700956E72 /* FCollectionReference.swift */,
				B11EE794295B01ED00522CD9 /* GoogleService-Info.plist */,
			);
			path = Firebase;
			sourceTree = "<group>";
		};
		0B0321252961D072008A0AAC /* Helpers */ = {
			isa = PBXGroup;
			children = (
				0B0321232961D06E008A0AAC /* GlobalFunctions.swift */,
				0B0321262961D501008A0AAC /* Extensions.swift */,
				8788051A2962462B0033207B /* Constants.swift */,
			);
			path = Helpers;
			sourceTree = "<group>";
		};
		B10F95582959AD6200F6F20E /* Resources */ = {
			isa = PBXGroup;
			children = (
				B1BE37202959A89F00D36E64 /* AppDelegate.swift */,
				B1BE37222959A89F00D36E64 /* SceneDelegate.swift */,
			);
			path = Resources;
			sourceTree = "<group>";
		};
		B10F95592959B07500F6F20E /* Models */ = {
			isa = PBXGroup;
			children = (
				87FB28C9295D705400EC368E /* ConversationsModels.swift */,
				87F39CE72961A01800956E72 /* User.swift */,
				0B03211F2961B25C008A0AAC /* chatRoom.swift */,
			);
			path = Models;
			sourceTree = "<group>";
		};
		B10F955A2959B08200F6F20E /* Views */ = {
			isa = PBXGroup;
			children = (
				B1BE372B2959A8A100D36E64 /* LaunchScreen.storyboard */,
				B1BE37262959A89F00D36E64 /* Main.storyboard */,
			);
			path = Views;
			sourceTree = "<group>";
		};
		B10F955B2959B09E00F6F20E /* Controllers */ = {
			isa = PBXGroup;
			children = (
				B10F955F2959B10200F6F20E /* LogIn-Regester */,
				B1BE37242959A89F00D36E64 /* ViewController.swift */,
				B18C378C2959D84300132E73 /* ConversationsViewController.swift */,
				0B0321212961BC75008A0AAC /* ChatTableViewCell.swift */,
				0B0321282961DA87008A0AAC /* ChatRoomTableViewController.swift */,
			);
			path = Controllers;
			sourceTree = "<group>";
		};
		B10F955F2959B10200F6F20E /* LogIn-Regester */ = {
			isa = PBXGroup;
			children = (
				B18C378E2959D8BF00132E73 /* LoginViewController.swift */,
				4F1AC3C12959E232004ED825 /* Email - Password.swift */,
				B18C37902959D94100132E73 /* RegisterViewController.swift */,
				0BEA091A295AEA0400447860 /* ProfileTableViewController.swift */,
				03F136D1295C9B3F00A301EA /* FirebaseManager.swift */,
			);
			path = "LogIn-Regester";
			sourceTree = "<group>";
		};
		B1BE37142959A89F00D36E64 = {
			isa = PBXGroup;
			children = (
				B1BE371F2959A89F00D36E64 /* Messanger App */,
				B1BE371E2959A89F00D36E64 /* Products */,
			);
			sourceTree = "<group>";
		};
		B1BE371E2959A89F00D36E64 /* Products */ = {
			isa = PBXGroup;
			children = (
				B1BE371D2959A89F00D36E64 /* Messanger App.app */,
			);
			name = Products;
			sourceTree = "<group>";
		};
		B1BE371F2959A89F00D36E64 /* Messanger App */ = {
			isa = PBXGroup;
			children = (
				0B0321252961D072008A0AAC /* Helpers */,
				0B03211E2961AC54008A0AAC /* Firebase */,
				B10F955B2959B09E00F6F20E /* Controllers */,
				B10F955A2959B08200F6F20E /* Views */,
				B10F95592959B07500F6F20E /* Models */,
				B10F95582959AD6200F6F20E /* Resources */,
				B1BE37292959A8A100D36E64 /* Assets.xcassets */,
				B1BE372E2959A8A100D36E64 /* Info.plist */,
				B11EE7CD295B0D1A00522CD9 /* UserStateViewController.swift */,
			);
			path = "Messanger App";
			sourceTree = "<group>";
		};
/* End PBXGroup section */

/* Begin PBXNativeTarget section */
		B1BE371C2959A89F00D36E64 /* Messanger App */ = {
			isa = PBXNativeTarget;
			buildConfigurationList = B1BE37312959A8A100D36E64 /* Build configuration list for PBXNativeTarget "Messanger App" */;
			buildPhases = (
				B1BE37192959A89F00D36E64 /* Sources */,
				B1BE371A2959A89F00D36E64 /* Frameworks */,
				B1BE371B2959A89F00D36E64 /* Resources */,
			);
			buildRules = (
			);
			dependencies = (
			);
			name = "Messanger App";
			packageProductDependencies = (
				B11EE797295B045500522CD9 /* FirebaseAnalytics */,
				B11EE799295B045500522CD9 /* FirebaseAnalyticsOnDeviceConversion */,
				B11EE79B295B045500522CD9 /* FirebaseAnalyticsSwift */,
				B11EE79D295B045500522CD9 /* FirebaseAnalyticsWithoutAdIdSupport */,
				B11EE79F295B045500522CD9 /* FirebaseAppCheck */,
				B11EE7A1295B045500522CD9 /* FirebaseAppDistribution-Beta */,
				B11EE7A3295B045500522CD9 /* FirebaseAuth */,
				B11EE7A5295B045500522CD9 /* FirebaseAuthCombine-Community */,
				B11EE7A7295B045500522CD9 /* FirebaseCrashlytics */,
				B11EE7A9295B045500522CD9 /* FirebaseDatabase */,
				B11EE7AB295B045500522CD9 /* FirebaseDatabaseSwift */,
				B11EE7AD295B045500522CD9 /* FirebaseDynamicLinks */,
				B11EE7AF295B045500522CD9 /* FirebaseFirestore */,
				B11EE7B1295B045500522CD9 /* FirebaseFirestoreCombine-Community */,
				B11EE7B3295B045500522CD9 /* FirebaseFirestoreSwift */,
				B11EE7B5295B045500522CD9 /* FirebaseFunctions */,
				B11EE7B7295B045500522CD9 /* FirebaseFunctionsCombine-Community */,
				B11EE7B9295B045500522CD9 /* FirebaseInAppMessaging-Beta */,
				B11EE7BB295B045500522CD9 /* FirebaseInAppMessagingSwift-Beta */,
				B11EE7BD295B045500522CD9 /* FirebaseInstallations */,
				B11EE7BF295B045500522CD9 /* FirebaseMLModelDownloader */,
				B11EE7C1295B045500522CD9 /* FirebaseMessaging */,
				B11EE7C3295B045500522CD9 /* FirebasePerformance */,
				B11EE7C5295B045500522CD9 /* FirebaseRemoteConfig */,
				B11EE7C7295B045500522CD9 /* FirebaseRemoteConfigSwift */,
				B11EE7C9295B045500522CD9 /* FirebaseStorage */,
				B11EE7CB295B045500522CD9 /* FirebaseStorageCombine-Community */,
				0349414B295B93CB00824901 /* GoogleSignIn */,
				0349414D295B93CB00824901 /* GoogleSignInSwift */,
			);
			productName = "Messanger App";
			productReference = B1BE371D2959A89F00D36E64 /* Messanger App.app */;
			productType = "com.apple.product-type.application";
		};
/* End PBXNativeTarget section */

/* Begin PBXProject section */
		B1BE37152959A89F00D36E64 /* Project object */ = {
			isa = PBXProject;
			attributes = {
				BuildIndependentTargetsInParallel = 1;
				LastSwiftUpdateCheck = 1410;
				LastUpgradeCheck = 1410;
				TargetAttributes = {
					B1BE371C2959A89F00D36E64 = {
						CreatedOnToolsVersion = 14.1;
					};
				};
			};
			buildConfigurationList = B1BE37182959A89F00D36E64 /* Build configuration list for PBXProject "Messanger App" */;
			compatibilityVersion = "Xcode 14.0";
			developmentRegion = en;
			hasScannedForEncodings = 0;
			knownRegions = (
				en,
				Base,
			);
			mainGroup = B1BE37142959A89F00D36E64;
			packageReferences = (
				B11EE796295B045500522CD9 /* XCRemoteSwiftPackageReference "firebase-ios-sdk" */,
				0349414A295B93CB00824901 /* XCRemoteSwiftPackageReference "GoogleSignIn-iOS" */,
			);
			productRefGroup = B1BE371E2959A89F00D36E64 /* Products */;
			projectDirPath = "";
			projectRoot = "";
			targets = (
				B1BE371C2959A89F00D36E64 /* Messanger App */,
			);
		};
/* End PBXProject section */

/* Begin PBXResourcesBuildPhase section */
		B1BE371B2959A89F00D36E64 /* Resources */ = {
			isa = PBXResourcesBuildPhase;
			buildActionMask = 2147483647;
			files = (
				B1BE372D2959A8A100D36E64 /* LaunchScreen.storyboard in Resources */,
				B11EE795295B01ED00522CD9 /* GoogleService-Info.plist in Resources */,
				B1BE372A2959A8A100D36E64 /* Assets.xcassets in Resources */,
				B1BE37282959A89F00D36E64 /* Main.storyboard in Resources */,
			);
			runOnlyForDeploymentPostprocessing = 0;
		};
/* End PBXResourcesBuildPhase section */

/* Begin PBXSourcesBuildPhase section */
		B1BE37192959A89F00D36E64 /* Sources */ = {
			isa = PBXSourcesBuildPhase;
			buildActionMask = 2147483647;
			files = (
				87F39CEE2962017700956E72 /* FCollectionReference.swift in Sources */,
				B1BE37252959A89F00D36E64 /* ViewController.swift in Sources */,
				B1BE37212959A89F00D36E64 /* AppDelegate.swift in Sources */,
				0B0321242961D06E008A0AAC /* GlobalFunctions.swift in Sources */,
				03F136D2295C9B3F00A301EA /* FirebaseManager.swift in Sources */,
				B1BE37232959A89F00D36E64 /* SceneDelegate.swift in Sources */,
				87FB28CA295D705400EC368E /* ConversationsModels.swift in Sources */,
				B11EE7CE295B0D1A00522CD9 /* UserStateViewController.swift in Sources */,
				B18C37912959D94100132E73 /* RegisterViewController.swift in Sources */,
				B18C378F2959D8BF00132E73 /* LoginViewController.swift in Sources */,
				87F39CE82961A01800956E72 /* User.swift in Sources */,
				B18C378D2959D84300132E73 /* ConversationsViewController.swift in Sources */,
				0B0321272961D501008A0AAC /* Extensions.swift in Sources */,
				0BEA091B295AEA0400447860 /* ProfileTableViewController.swift in Sources */,
				0B0321292961DA87008A0AAC /* ChatRoomTableViewController.swift in Sources */,
				8788051B2962462B0033207B /* Constants.swift in Sources */,
				87F39CF02962019C00956E72 /* FUserListener.swift in Sources */,
				0B0321222961BC75008A0AAC /* ChatTableViewCell.swift in Sources */,
				0B0321202961B25C008A0AAC /* chatRoom.swift in Sources */,
				4F1AC3C22959E232004ED825 /* Email - Password.swift in Sources */,
			);
			runOnlyForDeploymentPostprocessing = 0;
		};
/* End PBXSourcesBuildPhase section */

/* Begin PBXVariantGroup section */
		B1BE37262959A89F00D36E64 /* Main.storyboard */ = {
			isa = PBXVariantGroup;
			children = (
				B1BE37272959A89F00D36E64 /* Base */,
			);
			name = Main.storyboard;
			sourceTree = "<group>";
		};
		B1BE372B2959A8A100D36E64 /* LaunchScreen.storyboard */ = {
			isa = PBXVariantGroup;
			children = (
				B1BE372C2959A8A100D36E64 /* Base */,
			);
			name = LaunchScreen.storyboard;
			sourceTree = "<group>";
		};
/* End PBXVariantGroup section */

/* Begin XCBuildConfiguration section */
		B1BE372F2959A8A100D36E64 /* Debug */ = {
			isa = XCBuildConfiguration;
			buildSettings = {
				ALWAYS_SEARCH_USER_PATHS = NO;
				CLANG_ANALYZER_NONNULL = YES;
				CLANG_ANALYZER_NUMBER_OBJECT_CONVERSION = YES_AGGRESSIVE;
				CLANG_CXX_LANGUAGE_STANDARD = "gnu++20";
				CLANG_ENABLE_MODULES = YES;
				CLANG_ENABLE_OBJC_ARC = YES;
				CLANG_ENABLE_OBJC_WEAK = YES;
				CLANG_WARN_BLOCK_CAPTURE_AUTORELEASING = YES;
				CLANG_WARN_BOOL_CONVERSION = YES;
				CLANG_WARN_COMMA = YES;
				CLANG_WARN_CONSTANT_CONVERSION = YES;
				CLANG_WARN_DEPRECATED_OBJC_IMPLEMENTATIONS = YES;
				CLANG_WARN_DIRECT_OBJC_ISA_USAGE = YES_ERROR;
				CLANG_WARN_DOCUMENTATION_COMMENTS = YES;
				CLANG_WARN_EMPTY_BODY = YES;
				CLANG_WARN_ENUM_CONVERSION = YES;
				CLANG_WARN_INFINITE_RECURSION = YES;
				CLANG_WARN_INT_CONVERSION = YES;
				CLANG_WARN_NON_LITERAL_NULL_CONVERSION = YES;
				CLANG_WARN_OBJC_IMPLICIT_RETAIN_SELF = YES;
				CLANG_WARN_OBJC_LITERAL_CONVERSION = YES;
				CLANG_WARN_OBJC_ROOT_CLASS = YES_ERROR;
				CLANG_WARN_QUOTED_INCLUDE_IN_FRAMEWORK_HEADER = YES;
				CLANG_WARN_RANGE_LOOP_ANALYSIS = YES;
				CLANG_WARN_STRICT_PROTOTYPES = YES;
				CLANG_WARN_SUSPICIOUS_MOVE = YES;
				CLANG_WARN_UNGUARDED_AVAILABILITY = YES_AGGRESSIVE;
				CLANG_WARN_UNREACHABLE_CODE = YES;
				CLANG_WARN__DUPLICATE_METHOD_MATCH = YES;
				COPY_PHASE_STRIP = NO;
				DEBUG_INFORMATION_FORMAT = dwarf;
				ENABLE_STRICT_OBJC_MSGSEND = YES;
				ENABLE_TESTABILITY = YES;
				GCC_C_LANGUAGE_STANDARD = gnu11;
				GCC_DYNAMIC_NO_PIC = NO;
				GCC_NO_COMMON_BLOCKS = YES;
				GCC_OPTIMIZATION_LEVEL = 0;
				GCC_PREPROCESSOR_DEFINITIONS = (
					"DEBUG=1",
					"$(inherited)",
				);
				GCC_WARN_64_TO_32_BIT_CONVERSION = YES;
				GCC_WARN_ABOUT_RETURN_TYPE = YES_ERROR;
				GCC_WARN_UNDECLARED_SELECTOR = YES;
				GCC_WARN_UNINITIALIZED_AUTOS = YES_AGGRESSIVE;
				GCC_WARN_UNUSED_FUNCTION = YES;
				GCC_WARN_UNUSED_VARIABLE = YES;
				IPHONEOS_DEPLOYMENT_TARGET = 16.1;
				MTL_ENABLE_DEBUG_INFO = INCLUDE_SOURCE;
				MTL_FAST_MATH = YES;
				ONLY_ACTIVE_ARCH = YES;
				SDKROOT = iphoneos;
				SWIFT_ACTIVE_COMPILATION_CONDITIONS = DEBUG;
				SWIFT_OPTIMIZATION_LEVEL = "-Onone";
			};
			name = Debug;
		};
		B1BE37302959A8A100D36E64 /* Release */ = {
			isa = XCBuildConfiguration;
			buildSettings = {
				ALWAYS_SEARCH_USER_PATHS = NO;
				CLANG_ANALYZER_NONNULL = YES;
				CLANG_ANALYZER_NUMBER_OBJECT_CONVERSION = YES_AGGRESSIVE;
				CLANG_CXX_LANGUAGE_STANDARD = "gnu++20";
				CLANG_ENABLE_MODULES = YES;
				CLANG_ENABLE_OBJC_ARC = YES;
				CLANG_ENABLE_OBJC_WEAK = YES;
				CLANG_WARN_BLOCK_CAPTURE_AUTORELEASING = YES;
				CLANG_WARN_BOOL_CONVERSION = YES;
				CLANG_WARN_COMMA = YES;
				CLANG_WARN_CONSTANT_CONVERSION = YES;
				CLANG_WARN_DEPRECATED_OBJC_IMPLEMENTATIONS = YES;
				CLANG_WARN_DIRECT_OBJC_ISA_USAGE = YES_ERROR;
				CLANG_WARN_DOCUMENTATION_COMMENTS = YES;
				CLANG_WARN_EMPTY_BODY = YES;
				CLANG_WARN_ENUM_CONVERSION = YES;
				CLANG_WARN_INFINITE_RECURSION = YES;
				CLANG_WARN_INT_CONVERSION = YES;
				CLANG_WARN_NON_LITERAL_NULL_CONVERSION = YES;
				CLANG_WARN_OBJC_IMPLICIT_RETAIN_SELF = YES;
				CLANG_WARN_OBJC_LITERAL_CONVERSION = YES;
				CLANG_WARN_OBJC_ROOT_CLASS = YES_ERROR;
				CLANG_WARN_QUOTED_INCLUDE_IN_FRAMEWORK_HEADER = YES;
				CLANG_WARN_RANGE_LOOP_ANALYSIS = YES;
				CLANG_WARN_STRICT_PROTOTYPES = YES;
				CLANG_WARN_SUSPICIOUS_MOVE = YES;
				CLANG_WARN_UNGUARDED_AVAILABILITY = YES_AGGRESSIVE;
				CLANG_WARN_UNREACHABLE_CODE = YES;
				CLANG_WARN__DUPLICATE_METHOD_MATCH = YES;
				COPY_PHASE_STRIP = NO;
				DEBUG_INFORMATION_FORMAT = "dwarf-with-dsym";
				ENABLE_NS_ASSERTIONS = NO;
				ENABLE_STRICT_OBJC_MSGSEND = YES;
				GCC_C_LANGUAGE_STANDARD = gnu11;
				GCC_NO_COMMON_BLOCKS = YES;
				GCC_WARN_64_TO_32_BIT_CONVERSION = YES;
				GCC_WARN_ABOUT_RETURN_TYPE = YES_ERROR;
				GCC_WARN_UNDECLARED_SELECTOR = YES;
				GCC_WARN_UNINITIALIZED_AUTOS = YES_AGGRESSIVE;
				GCC_WARN_UNUSED_FUNCTION = YES;
				GCC_WARN_UNUSED_VARIABLE = YES;
				IPHONEOS_DEPLOYMENT_TARGET = 16.1;
				MTL_ENABLE_DEBUG_INFO = NO;
				MTL_FAST_MATH = YES;
				SDKROOT = iphoneos;
				SWIFT_COMPILATION_MODE = wholemodule;
				SWIFT_OPTIMIZATION_LEVEL = "-O";
				VALIDATE_PRODUCT = YES;
			};
			name = Release;
		};
		B1BE37322959A8A100D36E64 /* Debug */ = {
			isa = XCBuildConfiguration;
			buildSettings = {
				ASSETCATALOG_COMPILER_APPICON_NAME = AppIcon;
				ASSETCATALOG_COMPILER_GLOBAL_ACCENT_COLOR_NAME = AccentColor;
				CODE_SIGN_STYLE = Automatic;
				CURRENT_PROJECT_VERSION = 1;
				DEVELOPMENT_TEAM = 4N2CH77674;
				GENERATE_INFOPLIST_FILE = YES;
				INFOPLIST_FILE = "Messanger App/Info.plist";
				INFOPLIST_KEY_NSCameraUsageDescription = "Please allow access to take a profile picture";
				INFOPLIST_KEY_NSPhotoLibraryAddUsageDescription = "Please allow access to select a photo for ypur profile ";
				INFOPLIST_KEY_UIApplicationSupportsIndirectInputEvents = YES;
				INFOPLIST_KEY_UILaunchStoryboardName = LaunchScreen;
				INFOPLIST_KEY_UIMainStoryboardFile = Main;
				INFOPLIST_KEY_UISupportedInterfaceOrientations_iPad = "UIInterfaceOrientationPortrait UIInterfaceOrientationPortraitUpsideDown UIInterfaceOrientationLandscapeLeft UIInterfaceOrientationLandscapeRight";
				INFOPLIST_KEY_UISupportedInterfaceOrientations_iPhone = "UIInterfaceOrientationPortrait UIInterfaceOrientationLandscapeLeft UIInterfaceOrientationLandscapeRight";
				IPHONEOS_DEPLOYMENT_TARGET = 16.0;
				LD_RUNPATH_SEARCH_PATHS = (
					"$(inherited)",
					"@executable_path/Frameworks",
				);
				MARKETING_VERSION = 1.0;
				PRODUCT_BUNDLE_IDENTIFIER = "t.com.Messanger-App";
				PRODUCT_NAME = "$(TARGET_NAME)";
				SWIFT_EMIT_LOC_STRINGS = YES;
				SWIFT_VERSION = 5.0;
				TARGETED_DEVICE_FAMILY = "1,2";
			};
			name = Debug;
		};
		B1BE37332959A8A100D36E64 /* Release */ = {
			isa = XCBuildConfiguration;
			buildSettings = {
				ASSETCATALOG_COMPILER_APPICON_NAME = AppIcon;
				ASSETCATALOG_COMPILER_GLOBAL_ACCENT_COLOR_NAME = AccentColor;
				CODE_SIGN_STYLE = Automatic;
				CURRENT_PROJECT_VERSION = 1;
				DEVELOPMENT_TEAM = 4N2CH77674;
				GENERATE_INFOPLIST_FILE = YES;
				INFOPLIST_FILE = "Messanger App/Info.plist";
				INFOPLIST_KEY_NSCameraUsageDescription = "Please allow access to take a profile picture";
				INFOPLIST_KEY_NSPhotoLibraryAddUsageDescription = "Please allow access to select a photo for ypur profile ";
				INFOPLIST_KEY_UIApplicationSupportsIndirectInputEvents = YES;
				INFOPLIST_KEY_UILaunchStoryboardName = LaunchScreen;
				INFOPLIST_KEY_UIMainStoryboardFile = Main;
				INFOPLIST_KEY_UISupportedInterfaceOrientations_iPad = "UIInterfaceOrientationPortrait UIInterfaceOrientationPortraitUpsideDown UIInterfaceOrientationLandscapeLeft UIInterfaceOrientationLandscapeRight";
				INFOPLIST_KEY_UISupportedInterfaceOrientations_iPhone = "UIInterfaceOrientationPortrait UIInterfaceOrientationLandscapeLeft UIInterfaceOrientationLandscapeRight";
				IPHONEOS_DEPLOYMENT_TARGET = 16.0;
				LD_RUNPATH_SEARCH_PATHS = (
					"$(inherited)",
					"@executable_path/Frameworks",
				);
				MARKETING_VERSION = 1.0;
				PRODUCT_BUNDLE_IDENTIFIER = "t.com.Messanger-App";
				PRODUCT_NAME = "$(TARGET_NAME)";
				SWIFT_EMIT_LOC_STRINGS = YES;
				SWIFT_VERSION = 5.0;
				TARGETED_DEVICE_FAMILY = "1,2";
			};
			name = Release;
		};
/* End XCBuildConfiguration section */

/* Begin XCConfigurationList section */
		B1BE37182959A89F00D36E64 /* Build configuration list for PBXProject "Messanger App" */ = {
			isa = XCConfigurationList;
			buildConfigurations = (
				B1BE372F2959A8A100D36E64 /* Debug */,
				B1BE37302959A8A100D36E64 /* Release */,
			);
			defaultConfigurationIsVisible = 0;
			defaultConfigurationName = Release;
		};
		B1BE37312959A8A100D36E64 /* Build configuration list for PBXNativeTarget "Messanger App" */ = {
			isa = XCConfigurationList;
			buildConfigurations = (
				B1BE37322959A8A100D36E64 /* Debug */,
				B1BE37332959A8A100D36E64 /* Release */,
			);
			defaultConfigurationIsVisible = 0;
			defaultConfigurationName = Release;
		};
/* End XCConfigurationList section */

/* Begin XCRemoteSwiftPackageReference section */
		0349414A295B93CB00824901 /* XCRemoteSwiftPackageReference "GoogleSignIn-iOS" */ = {
			isa = XCRemoteSwiftPackageReference;
			repositoryURL = "https://github.com/google/GoogleSignIn-iOS.git";
			requirement = {
				branch = main;
				kind = branch;
			};
		};
		B11EE796295B045500522CD9 /* XCRemoteSwiftPackageReference "firebase-ios-sdk" */ = {
			isa = XCRemoteSwiftPackageReference;
			repositoryURL = "https://github.com/firebase/firebase-ios-sdk";
			requirement = {
				kind = upToNextMajorVersion;
				minimumVersion = 9.0.0;
			};
		};
/* End XCRemoteSwiftPackageReference section */

/* Begin XCSwiftPackageProductDependency section */
		0349414B295B93CB00824901 /* GoogleSignIn */ = {
			isa = XCSwiftPackageProductDependency;
			package = 0349414A295B93CB00824901 /* XCRemoteSwiftPackageReference "GoogleSignIn-iOS" */;
			productName = GoogleSignIn;
		};
		0349414D295B93CB00824901 /* GoogleSignInSwift */ = {
			isa = XCSwiftPackageProductDependency;
			package = 0349414A295B93CB00824901 /* XCRemoteSwiftPackageReference "GoogleSignIn-iOS" */;
			productName = GoogleSignInSwift;
		};
		B11EE797295B045500522CD9 /* FirebaseAnalytics */ = {
			isa = XCSwiftPackageProductDependency;
			package = B11EE796295B045500522CD9 /* XCRemoteSwiftPackageReference "firebase-ios-sdk" */;
			productName = FirebaseAnalytics;
		};
		B11EE799295B045500522CD9 /* FirebaseAnalyticsOnDeviceConversion */ = {
			isa = XCSwiftPackageProductDependency;
			package = B11EE796295B045500522CD9 /* XCRemoteSwiftPackageReference "firebase-ios-sdk" */;
			productName = FirebaseAnalyticsOnDeviceConversion;
		};
		B11EE79B295B045500522CD9 /* FirebaseAnalyticsSwift */ = {
			isa = XCSwiftPackageProductDependency;
			package = B11EE796295B045500522CD9 /* XCRemoteSwiftPackageReference "firebase-ios-sdk" */;
			productName = FirebaseAnalyticsSwift;
		};
		B11EE79D295B045500522CD9 /* FirebaseAnalyticsWithoutAdIdSupport */ = {
			isa = XCSwiftPackageProductDependency;
			package = B11EE796295B045500522CD9 /* XCRemoteSwiftPackageReference "firebase-ios-sdk" */;
			productName = FirebaseAnalyticsWithoutAdIdSupport;
		};
		B11EE79F295B045500522CD9 /* FirebaseAppCheck */ = {
			isa = XCSwiftPackageProductDependency;
			package = B11EE796295B045500522CD9 /* XCRemoteSwiftPackageReference "firebase-ios-sdk" */;
			productName = FirebaseAppCheck;
		};
		B11EE7A1295B045500522CD9 /* FirebaseAppDistribution-Beta */ = {
			isa = XCSwiftPackageProductDependency;
			package = B11EE796295B045500522CD9 /* XCRemoteSwiftPackageReference "firebase-ios-sdk" */;
			productName = "FirebaseAppDistribution-Beta";
		};
		B11EE7A3295B045500522CD9 /* FirebaseAuth */ = {
			isa = XCSwiftPackageProductDependency;
			package = B11EE796295B045500522CD9 /* XCRemoteSwiftPackageReference "firebase-ios-sdk" */;
			productName = FirebaseAuth;
		};
		B11EE7A5295B045500522CD9 /* FirebaseAuthCombine-Community */ = {
			isa = XCSwiftPackageProductDependency;
			package = B11EE796295B045500522CD9 /* XCRemoteSwiftPackageReference "firebase-ios-sdk" */;
			productName = "FirebaseAuthCombine-Community";
		};
		B11EE7A7295B045500522CD9 /* FirebaseCrashlytics */ = {
			isa = XCSwiftPackageProductDependency;
			package = B11EE796295B045500522CD9 /* XCRemoteSwiftPackageReference "firebase-ios-sdk" */;
			productName = FirebaseCrashlytics;
		};
		B11EE7A9295B045500522CD9 /* FirebaseDatabase */ = {
			isa = XCSwiftPackageProductDependency;
			package = B11EE796295B045500522CD9 /* XCRemoteSwiftPackageReference "firebase-ios-sdk" */;
			productName = FirebaseDatabase;
		};
		B11EE7AB295B045500522CD9 /* FirebaseDatabaseSwift */ = {
			isa = XCSwiftPackageProductDependency;
			package = B11EE796295B045500522CD9 /* XCRemoteSwiftPackageReference "firebase-ios-sdk" */;
			productName = FirebaseDatabaseSwift;
		};
		B11EE7AD295B045500522CD9 /* FirebaseDynamicLinks */ = {
			isa = XCSwiftPackageProductDependency;
			package = B11EE796295B045500522CD9 /* XCRemoteSwiftPackageReference "firebase-ios-sdk" */;
			productName = FirebaseDynamicLinks;
		};
		B11EE7AF295B045500522CD9 /* FirebaseFirestore */ = {
			isa = XCSwiftPackageProductDependency;
			package = B11EE796295B045500522CD9 /* XCRemoteSwiftPackageReference "firebase-ios-sdk" */;
			productName = FirebaseFirestore;
		};
		B11EE7B1295B045500522CD9 /* FirebaseFirestoreCombine-Community */ = {
			isa = XCSwiftPackageProductDependency;
			package = B11EE796295B045500522CD9 /* XCRemoteSwiftPackageReference "firebase-ios-sdk" */;
			productName = "FirebaseFirestoreCombine-Community";
		};
		B11EE7B3295B045500522CD9 /* FirebaseFirestoreSwift */ = {
			isa = XCSwiftPackageProductDependency;
			package = B11EE796295B045500522CD9 /* XCRemoteSwiftPackageReference "firebase-ios-sdk" */;
			productName = FirebaseFirestoreSwift;
		};
		B11EE7B5295B045500522CD9 /* FirebaseFunctions */ = {
			isa = XCSwiftPackageProductDependency;
			package = B11EE796295B045500522CD9 /* XCRemoteSwiftPackageReference "firebase-ios-sdk" */;
			productName = FirebaseFunctions;
		};
		B11EE7B7295B045500522CD9 /* FirebaseFunctionsCombine-Community */ = {
			isa = XCSwiftPackageProductDependency;
			package = B11EE796295B045500522CD9 /* XCRemoteSwiftPackageReference "firebase-ios-sdk" */;
			productName = "FirebaseFunctionsCombine-Community";
		};
		B11EE7B9295B045500522CD9 /* FirebaseInAppMessaging-Beta */ = {
			isa = XCSwiftPackageProductDependency;
			package = B11EE796295B045500522CD9 /* XCRemoteSwiftPackageReference "firebase-ios-sdk" */;
			productName = "FirebaseInAppMessaging-Beta";
		};
		B11EE7BB295B045500522CD9 /* FirebaseInAppMessagingSwift-Beta */ = {
			isa = XCSwiftPackageProductDependency;
			package = B11EE796295B045500522CD9 /* XCRemoteSwiftPackageReference "firebase-ios-sdk" */;
			productName = "FirebaseInAppMessagingSwift-Beta";
		};
		B11EE7BD295B045500522CD9 /* FirebaseInstallations */ = {
			isa = XCSwiftPackageProductDependency;
			package = B11EE796295B045500522CD9 /* XCRemoteSwiftPackageReference "firebase-ios-sdk" */;
			productName = FirebaseInstallations;
		};
		B11EE7BF295B045500522CD9 /* FirebaseMLModelDownloader */ = {
			isa = XCSwiftPackageProductDependency;
			package = B11EE796295B045500522CD9 /* XCRemoteSwiftPackageReference "firebase-ios-sdk" */;
			productName = FirebaseMLModelDownloader;
		};
		B11EE7C1295B045500522CD9 /* FirebaseMessaging */ = {
			isa = XCSwiftPackageProductDependency;
			package = B11EE796295B045500522CD9 /* XCRemoteSwiftPackageReference "firebase-ios-sdk" */;
			productName = FirebaseMessaging;
		};
		B11EE7C3295B045500522CD9 /* FirebasePerformance */ = {
			isa = XCSwiftPackageProductDependency;
			package = B11EE796295B045500522CD9 /* XCRemoteSwiftPackageReference "firebase-ios-sdk" */;
			productName = FirebasePerformance;
		};
		B11EE7C5295B045500522CD9 /* FirebaseRemoteConfig */ = {
			isa = XCSwiftPackageProductDependency;
			package = B11EE796295B045500522CD9 /* XCRemoteSwiftPackageReference "firebase-ios-sdk" */;
			productName = FirebaseRemoteConfig;
		};
		B11EE7C7295B045500522CD9 /* FirebaseRemoteConfigSwift */ = {
			isa = XCSwiftPackageProductDependency;
			package = B11EE796295B045500522CD9 /* XCRemoteSwiftPackageReference "firebase-ios-sdk" */;
			productName = FirebaseRemoteConfigSwift;
		};
		B11EE7C9295B045500522CD9 /* FirebaseStorage */ = {
			isa = XCSwiftPackageProductDependency;
			package = B11EE796295B045500522CD9 /* XCRemoteSwiftPackageReference "firebase-ios-sdk" */;
			productName = FirebaseStorage;
		};
		B11EE7CB295B045500522CD9 /* FirebaseStorageCombine-Community */ = {
			isa = XCSwiftPackageProductDependency;
			package = B11EE796295B045500522CD9 /* XCRemoteSwiftPackageReference "firebase-ios-sdk" */;
			productName = "FirebaseStorageCombine-Community";
		};
/* End XCSwiftPackageProductDependency section */
	};
	rootObject = B1BE37152959A89F00D36E64 /* Project object */;
}
